
Microsoft Visual Studio Solution File, Format Version 11.00
# Visual Studio 2010
Project("{FAE04EC0-301F-11D3-BF4B-00C04F79EFBC}") = "Assembly-CSharp", "Assembly-CSharp.csproj", "{665ec94e-9e6e-413c-a6a3-b4d9832856ac}"
EndProject
Project("{FAE04EC0-301F-11D3-BF4B-00C04F79EFBC}") = "Assembly-CSharp-Editor", "Assembly-CSharp-Editor.csproj", "{8cc0b668-3014-9512-a2bf-6da1444fd664}"
EndProject
Global
	GlobalSection(SolutionConfigurationPlatforms) = preSolution
		Debug|Any CPU = Debug|Any CPU
	EndGlobalSection
	GlobalSection(ProjectConfigurationPlatforms) = postSolution
		{665ec94e-9e6e-413c-a6a3-b4d9832856ac}.Debug|Any CPU.ActiveCfg = Debug|Any CPU
		{665ec94e-9e6e-413c-a6a3-b4d9832856ac}.Debug|Any CPU.Build.0 = Debug|Any CPU
		{8cc0b668-3014-9512-a2bf-6da1444fd664}.Debug|Any CPU.ActiveCfg = Debug|Any CPU
		{8cc0b668-3014-9512-a2bf-6da1444fd664}.Debug|Any CPU.Build.0 = Debug|Any CPU
	EndGlobalSection
	GlobalSection(SolutionProperties) = preSolution
		HideSolutionNode = FALSE
	EndGlobalSection
EndGlobal
